
Microsoft Visual Studio Solution File, Format Version 12.00
# Visual Studio Version 16
VisualStudioVersion = 16.0.30503.244
MinimumVisualStudioVersion = 10.0.40219.1
Project("{8BC9CEB8-8B4A-11D0-8D11-00A0C91BC942}") = "Reflection", "Reflection.vcxproj", "{6723ADE2-40E2-4A23-B9B0-5088DF5B1150}"
EndProject
Global
	GlobalSection(SolutionConfigurationPlatforms) = preSolution
		Debug|x64 = Debug|x64
		Release|x64 = Release|x64
	EndGlobalSection
	GlobalSection(ProjectConfigurationPlatforms) = postSolution
		{6723ADE2-40E2-4A23-B9B0-5088DF5B1150}.Debug|x64.ActiveCfg = Debug|x64
		{6723ADE2-40E2-4A23-B9B0-5088DF5B1150}.Debug|x64.Build.0 = Debug|x64
		{6723ADE2-40E2-4A23-B9B0-5088DF5B1150}.Release|x64.ActiveCfg = Release|x64
		{6723ADE2-40E2-4A23-B9B0-5088DF5B1150}.Release|x64.Build.0 = Release|x64
	EndGlobalSection
	GlobalSection(SolutionProperties) = preSolution
		HideSolutionNode = FALSE
	EndGlobalSection
	GlobalSection(ExtensibilityGlobals) = postSolution
		SolutionGuid = {CED62DF5-80B2-4C14-BF5D-016666D8D333}
	EndGlobalSection
EndGlobal
